// !$*UTF8*$!
{
	archiveVersion = 1;
	classes = {
	};
	objectVersion = 56;
	objects = {

/* Begin PBXBuildFile section */
		181D9BB329DCBE6800146102 /* example_app_iosApp.swift in Sources */ = {isa = PBXBuildFile; fileRef = 181D9BB229DCBE6800146102 /* example_app_iosApp.swift */; };
		181D9BB529DCBE6800146102 /* ContentView.swift in Sources */ = {isa = PBXBuildFile; fileRef = 181D9BB429DCBE6800146102 /* ContentView.swift */; };
		181D9BB729DCBE6900146102 /* Assets.xcassets in Resources */ = {isa = PBXBuildFile; fileRef = 181D9BB629DCBE6900146102 /* Assets.xcassets */; };
		181D9BBA29DCBE6900146102 /* Preview Assets.xcassets in Resources */ = {isa = PBXBuildFile; fileRef = 181D9BB929DCBE6900146102 /* Preview Assets.xcassets */; };
		181D9BC429DCBE6900146102 /* example_app_iosTests.swift in Sources */ = {isa = PBXBuildFile; fileRef = 181D9BC329DCBE6900146102 /* example_app_iosTests.swift */; };
		181D9BCE29DCBE6900146102 /* example_app_iosUITests.swift in Sources */ = {isa = PBXBuildFile; fileRef = 181D9BCD29DCBE6900146102 /* example_app_iosUITests.swift */; };
		181D9BD029DCBE6900146102 /* example_app_iosUITestsLaunchTests.swift in Sources */ = {isa = PBXBuildFile; fileRef = 181D9BCF29DCBE6900146102 /* example_app_iosUITestsLaunchTests.swift */; };
		28242C348B977C0C958D7EEB /* Pods_example_app_ios.framework in Frameworks */ = {isa = PBXBuildFile; fileRef = 889FF588CA13150571BA6F10 /* Pods_example_app_ios.framework */; };
		A7166BD4A51B599ACA1C899B /* Pods_example_app_ios_example_app_iosUITests.framework in Frameworks */ = {isa = PBXBuildFile; fileRef = BF424EEB58743FA9A8D990CD /* Pods_example_app_ios_example_app_iosUITests.framework */; };
		DC43DC0534AEECB1EB72A836 /* Pods_example_app_iosTests.framework in Frameworks */ = {isa = PBXBuildFile; fileRef = 3CC5765ECE88F76464AE714F /* Pods_example_app_iosTests.framework */; };
/* End PBXBuildFile section */

/* Begin PBXContainerItemProxy section */
		181D9BC029DCBE6900146102 /* PBXContainerItemProxy */ = {
			isa = PBXContainerItemProxy;
			containerPortal = 181D9BA729DCBE6800146102 /* Project object */;
			proxyType = 1;
			remoteGlobalIDString = 181D9BAE29DCBE6800146102;
			remoteInfo = "example-app-ios";
		};
		181D9BCA29DCBE6900146102 /* PBXContainerItemProxy */ = {
			isa = PBXContainerItemProxy;
			containerPortal = 181D9BA729DCBE6800146102 /* Project object */;
			proxyType = 1;
			remoteGlobalIDString = 181D9BAE29DCBE6800146102;
			remoteInfo = "example-app-ios";
		};
/* End PBXContainerItemProxy section */

/* Begin PBXFileReference section */
		181D9BAF29DCBE6800146102 /* example-app-ios.app */ = {isa = PBXFileReference; explicitFileType = wrapper.application; includeInIndex = 0; path = "example-app-ios.app"; sourceTree = BUILT_PRODUCTS_DIR; };
		181D9BB229DCBE6800146102 /* example_app_iosApp.swift */ = {isa = PBXFileReference; lastKnownFileType = sourcecode.swift; path = example_app_iosApp.swift; sourceTree = "<group>"; };
		181D9BB429DCBE6800146102 /* ContentView.swift */ = {isa = PBXFileReference; lastKnownFileType = sourcecode.swift; path = ContentView.swift; sourceTree = "<group>"; };
		181D9BB629DCBE6900146102 /* Assets.xcassets */ = {isa = PBXFileReference; lastKnownFileType = folder.assetcatalog; path = Assets.xcassets; sourceTree = "<group>"; };
		181D9BB929DCBE6900146102 /* Preview Assets.xcassets */ = {isa = PBXFileReference; lastKnownFileType = folder.assetcatalog; path = "Preview Assets.xcassets"; sourceTree = "<group>"; };
		181D9BBF29DCBE6900146102 /* example-app-iosTests.xctest */ = {isa = PBXFileReference; explicitFileType = wrapper.cfbundle; includeInIndex = 0; path = "example-app-iosTests.xctest"; sourceTree = BUILT_PRODUCTS_DIR; };
		181D9BC329DCBE6900146102 /* example_app_iosTests.swift */ = {isa = PBXFileReference; lastKnownFileType = sourcecode.swift; path = example_app_iosTests.swift; sourceTree = "<group>"; };
		181D9BC929DCBE6900146102 /* example-app-iosUITests.xctest */ = {isa = PBXFileReference; explicitFileType = wrapper.cfbundle; includeInIndex = 0; path = "example-app-iosUITests.xctest"; sourceTree = BUILT_PRODUCTS_DIR; };
		181D9BCD29DCBE6900146102 /* example_app_iosUITests.swift */ = {isa = PBXFileReference; lastKnownFileType = sourcecode.swift; path = example_app_iosUITests.swift; sourceTree = "<group>"; };
		181D9BCF29DCBE6900146102 /* example_app_iosUITestsLaunchTests.swift */ = {isa = PBXFileReference; lastKnownFileType = sourcecode.swift; path = example_app_iosUITestsLaunchTests.swift; sourceTree = "<group>"; };
		22E7308DA1ED6695378C4F71 /* Pods-example-app-iosTests.release.xcconfig */ = {isa = PBXFileReference; includeInIndex = 1; lastKnownFileType = text.xcconfig; name = "Pods-example-app-iosTests.release.xcconfig"; path = "Target Support Files/Pods-example-app-iosTests/Pods-example-app-iosTests.release.xcconfig"; sourceTree = "<group>"; };
		3CC5765ECE88F76464AE714F /* Pods_example_app_iosTests.framework */ = {isa = PBXFileReference; explicitFileType = wrapper.framework; includeInIndex = 0; path = Pods_example_app_iosTests.framework; sourceTree = BUILT_PRODUCTS_DIR; };
		6539909A315D63EB884300A5 /* Pods-example-app-ios-example-app-iosUITests.debug.xcconfig */ = {isa = PBXFileReference; includeInIndex = 1; lastKnownFileType = text.xcconfig; name = "Pods-example-app-ios-example-app-iosUITests.debug.xcconfig"; path = "Target Support Files/Pods-example-app-ios-example-app-iosUITests/Pods-example-app-ios-example-app-iosUITests.debug.xcconfig"; sourceTree = "<group>"; };
		726EDDA854CF4DEE9B42183F /* Pods-example-app-iosTests.debug.xcconfig */ = {isa = PBXFileReference; includeInIndex = 1; lastKnownFileType = text.xcconfig; name = "Pods-example-app-iosTests.debug.xcconfig"; path = "Target Support Files/Pods-example-app-iosTests/Pods-example-app-iosTests.debug.xcconfig"; sourceTree = "<group>"; };
		88407CA086231B5CF849DE06 /* Pods-example-app-ios-example-app-iosUITests.release.xcconfig */ = {isa = PBXFileReference; includeInIndex = 1; lastKnownFileType = text.xcconfig; name = "Pods-example-app-ios-example-app-iosUITests.release.xcconfig"; path = "Target Support Files/Pods-example-app-ios-example-app-iosUITests/Pods-example-app-ios-example-app-iosUITests.release.xcconfig"; sourceTree = "<group>"; };
		889FF588CA13150571BA6F10 /* Pods_example_app_ios.framework */ = {isa = PBXFileReference; explicitFileType = wrapper.framework; includeInIndex = 0; path = Pods_example_app_ios.framework; sourceTree = BUILT_PRODUCTS_DIR; };
		9B213179247CA3393E39DF8F /* Pods-example-app-ios.debug.xcconfig */ = {isa = PBXFileReference; includeInIndex = 1; lastKnownFileType = text.xcconfig; name = "Pods-example-app-ios.debug.xcconfig"; path = "Target Support Files/Pods-example-app-ios/Pods-example-app-ios.debug.xcconfig"; sourceTree = "<group>"; };
		A05E923A35717D303718228C /* Pods-example-app-ios.release.xcconfig */ = {isa = PBXFileReference; includeInIndex = 1; lastKnownFileType = text.xcconfig; name = "Pods-example-app-ios.release.xcconfig"; path = "Target Support Files/Pods-example-app-ios/Pods-example-app-ios.release.xcconfig"; sourceTree = "<group>"; };
		BF424EEB58743FA9A8D990CD /* Pods_example_app_ios_example_app_iosUITests.framework */ = {isa = PBXFileReference; explicitFileType = wrapper.framework; includeInIndex = 0; path = Pods_example_app_ios_example_app_iosUITests.framework; sourceTree = BUILT_PRODUCTS_DIR; };
/* End PBXFileReference section */

/* Begin PBXFrameworksBuildPhase section */
		181D9BAC29DCBE6800146102 /* Frameworks */ = {
			isa = PBXFrameworksBuildPhase;
			buildActionMask = 2147483647;
			files = (
				28242C348B977C0C958D7EEB /* Pods_example_app_ios.framework in Frameworks */,
			);
			runOnlyForDeploymentPostprocessing = 0;
		};
		181D9BBC29DCBE6900146102 /* Frameworks */ = {
			isa = PBXFrameworksBuildPhase;
			buildActionMask = 2147483647;
			files = (
				DC43DC0534AEECB1EB72A836 /* Pods_example_app_iosTests.framework in Frameworks */,
			);
			runOnlyForDeploymentPostprocessing = 0;
		};
		181D9BC629DCBE6900146102 /* Frameworks */ = {
			isa = PBXFrameworksBuildPhase;
			buildActionMask = 2147483647;
			files = (
				A7166BD4A51B599ACA1C899B /* Pods_example_app_ios_example_app_iosUITests.framework in Frameworks */,
			);
			runOnlyForDeploymentPostprocessing = 0;
		};
/* End PBXFrameworksBuildPhase section */

/* Begin PBXGroup section */
		181D9BA629DCBE6800146102 = {
			isa = PBXGroup;
			children = (
				181D9BB129DCBE6800146102 /* example-app-ios */,
				181D9BC229DCBE6900146102 /* example-app-iosTests */,
				181D9BCC29DCBE6900146102 /* example-app-iosUITests */,
				181D9BB029DCBE6800146102 /* Products */,
				B0F6D98B2B06D20DA3DE067A /* Pods */,
				2E4B2D19279D0A8F68AF5AB8 /* Frameworks */,
			);
			sourceTree = "<group>";
		};
		181D9BB029DCBE6800146102 /* Products */ = {
			isa = PBXGroup;
			children = (
				181D9BAF29DCBE6800146102 /* example-app-ios.app */,
				181D9BBF29DCBE6900146102 /* example-app-iosTests.xctest */,
				181D9BC929DCBE6900146102 /* example-app-iosUITests.xctest */,
			);
			name = Products;
			sourceTree = "<group>";
		};
		181D9BB129DCBE6800146102 /* example-app-ios */ = {
			isa = PBXGroup;
			children = (
				181D9BB229DCBE6800146102 /* example_app_iosApp.swift */,
				181D9BB429DCBE6800146102 /* ContentView.swift */,
				181D9BB629DCBE6900146102 /* Assets.xcassets */,
				181D9BB829DCBE6900146102 /* Preview Content */,
			);
			path = "example-app-ios";
			sourceTree = "<group>";
		};
		181D9BB829DCBE6900146102 /* Preview Content */ = {
			isa = PBXGroup;
			children = (
				181D9BB929DCBE6900146102 /* Preview Assets.xcassets */,
			);
			path = "Preview Content";
			sourceTree = "<group>";
		};
		181D9BC229DCBE6900146102 /* example-app-iosTests */ = {
			isa = PBXGroup;
			children = (
				181D9BC329DCBE6900146102 /* example_app_iosTests.swift */,
			);
			path = "example-app-iosTests";
			sourceTree = "<group>";
		};
		181D9BCC29DCBE6900146102 /* example-app-iosUITests */ = {
			isa = PBXGroup;
			children = (
				181D9BCD29DCBE6900146102 /* example_app_iosUITests.swift */,
				181D9BCF29DCBE6900146102 /* example_app_iosUITestsLaunchTests.swift */,
			);
			path = "example-app-iosUITests";
			sourceTree = "<group>";
		};
		2E4B2D19279D0A8F68AF5AB8 /* Frameworks */ = {
			isa = PBXGroup;
			children = (
				889FF588CA13150571BA6F10 /* Pods_example_app_ios.framework */,
				BF424EEB58743FA9A8D990CD /* Pods_example_app_ios_example_app_iosUITests.framework */,
				3CC5765ECE88F76464AE714F /* Pods_example_app_iosTests.framework */,
			);
			name = Frameworks;
			sourceTree = "<group>";
		};
		B0F6D98B2B06D20DA3DE067A /* Pods */ = {
			isa = PBXGroup;
			children = (
				9B213179247CA3393E39DF8F /* Pods-example-app-ios.debug.xcconfig */,
				A05E923A35717D303718228C /* Pods-example-app-ios.release.xcconfig */,
				6539909A315D63EB884300A5 /* Pods-example-app-ios-example-app-iosUITests.debug.xcconfig */,
				88407CA086231B5CF849DE06 /* Pods-example-app-ios-example-app-iosUITests.release.xcconfig */,
				726EDDA854CF4DEE9B42183F /* Pods-example-app-iosTests.debug.xcconfig */,
				22E7308DA1ED6695378C4F71 /* Pods-example-app-iosTests.release.xcconfig */,
			);
			name = Pods;
			path = Pods;
			sourceTree = "<group>";
		};
/* End PBXGroup section */

/* Begin PBXNativeTarget section */
		181D9BAE29DCBE6800146102 /* example-app-ios */ = {
			isa = PBXNativeTarget;
			buildConfigurationList = 181D9BD329DCBE6900146102 /* Build configuration list for PBXNativeTarget "example-app-ios" */;
			buildPhases = (
				B6D09A9CBC816934A74EBEE7 /* [CP] Check Pods Manifest.lock */,
				181D9BAB29DCBE6800146102 /* Sources */,
				181D9BAC29DCBE6800146102 /* Frameworks */,
				181D9BAD29DCBE6800146102 /* Resources */,
				A942BCBF0469EAC38EEAEFDC /* [CP] Embed Pods Frameworks */,
			);
			buildRules = (
			);
			dependencies = (
			);
			name = "example-app-ios";
			productName = "example-app-ios";
			productReference = 181D9BAF29DCBE6800146102 /* example-app-ios.app */;
			productType = "com.apple.product-type.application";
		};
		181D9BBE29DCBE6900146102 /* example-app-iosTests */ = {
			isa = PBXNativeTarget;
			buildConfigurationList = 181D9BD629DCBE6900146102 /* Build configuration list for PBXNativeTarget "example-app-iosTests" */;
			buildPhases = (
				CCD2E2680DD327DAA9FFCCA4 /* [CP] Check Pods Manifest.lock */,
				181D9BBB29DCBE6900146102 /* Sources */,
				181D9BBC29DCBE6900146102 /* Frameworks */,
				181D9BBD29DCBE6900146102 /* Resources */,
			);
			buildRules = (
			);
			dependencies = (
				181D9BC129DCBE6900146102 /* PBXTargetDependency */,
			);
			name = "example-app-iosTests";
			productName = "example-app-iosTests";
			productReference = 181D9BBF29DCBE6900146102 /* example-app-iosTests.xctest */;
			productType = "com.apple.product-type.bundle.unit-test";
		};
		181D9BC829DCBE6900146102 /* example-app-iosUITests */ = {
			isa = PBXNativeTarget;
			buildConfigurationList = 181D9BD929DCBE6900146102 /* Build configuration list for PBXNativeTarget "example-app-iosUITests" */;
			buildPhases = (
				D4226F849437B14B5C3C362F /* [CP] Check Pods Manifest.lock */,
				181D9BC529DCBE6900146102 /* Sources */,
				181D9BC629DCBE6900146102 /* Frameworks */,
				181D9BC729DCBE6900146102 /* Resources */,
				AA9641FA905E438E77C586D6 /* [CP] Embed Pods Frameworks */,
			);
			buildRules = (
			);
			dependencies = (
				181D9BCB29DCBE6900146102 /* PBXTargetDependency */,
			);
			name = "example-app-iosUITests";
			productName = "example-app-iosUITests";
			productReference = 181D9BC929DCBE6900146102 /* example-app-iosUITests.xctest */;
			productType = "com.apple.product-type.bundle.ui-testing";
		};
/* End PBXNativeTarget section */

/* Begin PBXProject section */
		181D9BA729DCBE6800146102 /* Project object */ = {
			isa = PBXProject;
			attributes = {
				BuildIndependentTargetsInParallel = 1;
				LastSwiftUpdateCheck = 1430;
				LastUpgradeCheck = 1430;
				TargetAttributes = {
					181D9BAE29DCBE6800146102 = {
						CreatedOnToolsVersion = 14.3;
					};
					181D9BBE29DCBE6900146102 = {
						CreatedOnToolsVersion = 14.3;
						TestTargetID = 181D9BAE29DCBE6800146102;
					};
					181D9BC829DCBE6900146102 = {
						CreatedOnToolsVersion = 14.3;
						TestTargetID = 181D9BAE29DCBE6800146102;
					};
				};
			};
			buildConfigurationList = 181D9BAA29DCBE6800146102 /* Build configuration list for PBXProject "example-app-ios" */;
			compatibilityVersion = "Xcode 14.0";
			developmentRegion = en;
			hasScannedForEncodings = 0;
			knownRegions = (
				en,
				Base,
			);
			mainGroup = 181D9BA629DCBE6800146102;
			productRefGroup = 181D9BB029DCBE6800146102 /* Products */;
			projectDirPath = "";
			projectRoot = "";
			targets = (
				181D9BAE29DCBE6800146102 /* example-app-ios */,
				181D9BBE29DCBE6900146102 /* example-app-iosTests */,
				181D9BC829DCBE6900146102 /* example-app-iosUITests */,
			);
		};
/* End PBXProject section */

/* Begin PBXResourcesBuildPhase section */
		181D9BAD29DCBE6800146102 /* Resources */ = {
			isa = PBXResourcesBuildPhase;
			buildActionMask = 2147483647;
			files = (
				181D9BBA29DCBE6900146102 /* Preview Assets.xcassets in Resources */,
				181D9BB729DCBE6900146102 /* Assets.xcassets in Resources */,
			);
			runOnlyForDeploymentPostprocessing = 0;
		};
		181D9BBD29DCBE6900146102 /* Resources */ = {
			isa = PBXResourcesBuildPhase;
			buildActionMask = 2147483647;
			files = (
			);
			runOnlyForDeploymentPostprocessing = 0;
		};
		181D9BC729DCBE6900146102 /* Resources */ = {
			isa = PBXResourcesBuildPhase;
			buildActionMask = 2147483647;
			files = (
			);
			runOnlyForDeploymentPostprocessing = 0;
		};
/* End PBXResourcesBuildPhase section */

/* Begin PBXShellScriptBuildPhase section */
		A942BCBF0469EAC38EEAEFDC /* [CP] Embed Pods Frameworks */ = {
			isa = PBXShellScriptBuildPhase;
			buildActionMask = 2147483647;
			files = (
			);
			inputFileListPaths = (
				"${PODS_ROOT}/Target Support Files/Pods-example-app-ios/Pods-example-app-ios-frameworks-${CONFIGURATION}-input-files.xcfilelist",
			);
			name = "[CP] Embed Pods Frameworks";
			outputFileListPaths = (
				"${PODS_ROOT}/Target Support Files/Pods-example-app-ios/Pods-example-app-ios-frameworks-${CONFIGURATION}-output-files.xcfilelist",
			);
			runOnlyForDeploymentPostprocessing = 0;
			shellPath = /bin/sh;
			shellScript = "\"${PODS_ROOT}/Target Support Files/Pods-example-app-ios/Pods-example-app-ios-frameworks.sh\"\n";
			showEnvVarsInLog = 0;
		};
		AA9641FA905E438E77C586D6 /* [CP] Embed Pods Frameworks */ = {
			isa = PBXShellScriptBuildPhase;
			buildActionMask = 2147483647;
			files = (
			);
			inputFileListPaths = (
				"${PODS_ROOT}/Target Support Files/Pods-example-app-ios-example-app-iosUITests/Pods-example-app-ios-example-app-iosUITests-frameworks-${CONFIGURATION}-input-files.xcfilelist",
			);
			name = "[CP] Embed Pods Frameworks";
			outputFileListPaths = (
				"${PODS_ROOT}/Target Support Files/Pods-example-app-ios-example-app-iosUITests/Pods-example-app-ios-example-app-iosUITests-frameworks-${CONFIGURATION}-output-files.xcfilelist",
			);
			runOnlyForDeploymentPostprocessing = 0;
			shellPath = /bin/sh;
			shellScript = "\"${PODS_ROOT}/Target Support Files/Pods-example-app-ios-example-app-iosUITests/Pods-example-app-ios-example-app-iosUITests-frameworks.sh\"\n";
			showEnvVarsInLog = 0;
		};
		B6D09A9CBC816934A74EBEE7 /* [CP] Check Pods Manifest.lock */ = {
			isa = PBXShellScriptBuildPhase;
			buildActionMask = 2147483647;
			files = (
			);
			inputFileListPaths = (
			);
			inputPaths = (
				"${PODS_PODFILE_DIR_PATH}/Podfile.lock",
				"${PODS_ROOT}/Manifest.lock",
			);
			name = "[CP] Check Pods Manifest.lock";
			outputFileListPaths = (
			);
			outputPaths = (
				"$(DERIVED_FILE_DIR)/Pods-example-app-ios-checkManifestLockResult.txt",
			);
			runOnlyForDeploymentPostprocessing = 0;
			shellPath = /bin/sh;
			shellScript = "diff \"${PODS_PODFILE_DIR_PATH}/Podfile.lock\" \"${PODS_ROOT}/Manifest.lock\" > /dev/null\nif [ $? != 0 ] ; then\n    # print error to STDERR\n    echo \"error: The sandbox is not in sync with the Podfile.lock. Run 'pod install' or update your CocoaPods installation.\" >&2\n    exit 1\nfi\n# This output is used by Xcode 'outputs' to avoid re-running this script phase.\necho \"SUCCESS\" > \"${SCRIPT_OUTPUT_FILE_0}\"\n";
			showEnvVarsInLog = 0;
		};
		CCD2E2680DD327DAA9FFCCA4 /* [CP] Check Pods Manifest.lock */ = {
			isa = PBXShellScriptBuildPhase;
			buildActionMask = 2147483647;
			files = (
			);
			inputFileListPaths = (
			);
			inputPaths = (
				"${PODS_PODFILE_DIR_PATH}/Podfile.lock",
				"${PODS_ROOT}/Manifest.lock",
			);
			name = "[CP] Check Pods Manifest.lock";
			outputFileListPaths = (
			);
			outputPaths = (
				"$(DERIVED_FILE_DIR)/Pods-example-app-iosTests-checkManifestLockResult.txt",
			);
			runOnlyForDeploymentPostprocessing = 0;
			shellPath = /bin/sh;
			shellScript = "diff \"${PODS_PODFILE_DIR_PATH}/Podfile.lock\" \"${PODS_ROOT}/Manifest.lock\" > /dev/null\nif [ $? != 0 ] ; then\n    # print error to STDERR\n    echo \"error: The sandbox is not in sync with the Podfile.lock. Run 'pod install' or update your CocoaPods installation.\" >&2\n    exit 1\nfi\n# This output is used by Xcode 'outputs' to avoid re-running this script phase.\necho \"SUCCESS\" > \"${SCRIPT_OUTPUT_FILE_0}\"\n";
			showEnvVarsInLog = 0;
		};
		D4226F849437B14B5C3C362F /* [CP] Check Pods Manifest.lock */ = {
			isa = PBXShellScriptBuildPhase;
			buildActionMask = 2147483647;
			files = (
			);
			inputFileListPaths = (
			);
			inputPaths = (
				"${PODS_PODFILE_DIR_PATH}/Podfile.lock",
				"${PODS_ROOT}/Manifest.lock",
			);
			name = "[CP] Check Pods Manifest.lock";
			outputFileListPaths = (
			);
			outputPaths = (
				"$(DERIVED_FILE_DIR)/Pods-example-app-ios-example-app-iosUITests-checkManifestLockResult.txt",
			);
			runOnlyForDeploymentPostprocessing = 0;
			shellPath = /bin/sh;
			shellScript = "diff \"${PODS_PODFILE_DIR_PATH}/Podfile.lock\" \"${PODS_ROOT}/Manifest.lock\" > /dev/null\nif [ $? != 0 ] ; then\n    # print error to STDERR\n    echo \"error: The sandbox is not in sync with the Podfile.lock. Run 'pod install' or update your CocoaPods installation.\" >&2\n    exit 1\nfi\n# This output is used by Xcode 'outputs' to avoid re-running this script phase.\necho \"SUCCESS\" > \"${SCRIPT_OUTPUT_FILE_0}\"\n";
			showEnvVarsInLog = 0;
		};
/* End PBXShellScriptBuildPhase section */

/* Begin PBXSourcesBuildPhase section */
		181D9BAB29DCBE6800146102 /* Sources */ = {
			isa = PBXSourcesBuildPhase;
			buildActionMask = 2147483647;
			files = (
				181D9BB529DCBE6800146102 /* ContentView.swift in Sources */,
				181D9BB329DCBE6800146102 /* example_app_iosApp.swift in Sources */,
			);
			runOnlyForDeploymentPostprocessing = 0;
		};
		181D9BBB29DCBE6900146102 /* Sources */ = {
			isa = PBXSourcesBuildPhase;
			buildActionMask = 2147483647;
			files = (
				181D9BC429DCBE6900146102 /* example_app_iosTests.swift in Sources */,
			);
			runOnlyForDeploymentPostprocessing = 0;
		};
		181D9BC529DCBE6900146102 /* Sources */ = {
			isa = PBXSourcesBuildPhase;
			buildActionMask = 2147483647;
			files = (
				181D9BCE29DCBE6900146102 /* example_app_iosUITests.swift in Sources */,
				181D9BD029DCBE6900146102 /* example_app_iosUITestsLaunchTests.swift in Sources */,
			);
			runOnlyForDeploymentPostprocessing = 0;
		};
/* End PBXSourcesBuildPhase section */

/* Begin PBXTargetDependency section */
		181D9BC129DCBE6900146102 /* PBXTargetDependency */ = {
			isa = PBXTargetDependency;
			target = 181D9BAE29DCBE6800146102 /* example-app-ios */;
			targetProxy = 181D9BC029DCBE6900146102 /* PBXContainerItemProxy */;
		};
		181D9BCB29DCBE6900146102 /* PBXTargetDependency */ = {
			isa = PBXTargetDependency;
			target = 181D9BAE29DCBE6800146102 /* example-app-ios */;
			targetProxy = 181D9BCA29DCBE6900146102 /* PBXContainerItemProxy */;
		};
/* End PBXTargetDependency section */

/* Begin XCBuildConfiguration section */
		181D9BD129DCBE6900146102 /* Debug */ = {
			isa = XCBuildConfiguration;
			buildSettings = {
				ALWAYS_SEARCH_USER_PATHS = NO;
				CLANG_ANALYZER_NONNULL = YES;
				CLANG_ANALYZER_NUMBER_OBJECT_CONVERSION = YES_AGGRESSIVE;
				CLANG_CXX_LANGUAGE_STANDARD = "gnu++20";
				CLANG_ENABLE_MODULES = YES;
				CLANG_ENABLE_OBJC_ARC = YES;
				CLANG_ENABLE_OBJC_WEAK = YES;
				CLANG_WARN_BLOCK_CAPTURE_AUTORELEASING = YES;
				CLANG_WARN_BOOL_CONVERSION = YES;
				CLANG_WARN_COMMA = YES;
				CLANG_WARN_CONSTANT_CONVERSION = YES;
				CLANG_WARN_DEPRECATED_OBJC_IMPLEMENTATIONS = YES;
				CLANG_WARN_DIRECT_OBJC_ISA_USAGE = YES_ERROR;
				CLANG_WARN_DOCUMENTATION_COMMENTS = YES;
				CLANG_WARN_EMPTY_BODY = YES;
				CLANG_WARN_ENUM_CONVERSION = YES;
				CLANG_WARN_INFINITE_RECURSION = YES;
				CLANG_WARN_INT_CONVERSION = YES;
				CLANG_WARN_NON_LITERAL_NULL_CONVERSION = YES;
				CLANG_WARN_OBJC_IMPLICIT_RETAIN_SELF = YES;
				CLANG_WARN_OBJC_LITERAL_CONVERSION = YES;
				CLANG_WARN_OBJC_ROOT_CLASS = YES_ERROR;
				CLANG_WARN_QUOTED_INCLUDE_IN_FRAMEWORK_HEADER = YES;
				CLANG_WARN_RANGE_LOOP_ANALYSIS = YES;
				CLANG_WARN_STRICT_PROTOTYPES = YES;
				CLANG_WARN_SUSPICIOUS_MOVE = YES;
				CLANG_WARN_UNGUARDED_AVAILABILITY = YES_AGGRESSIVE;
				CLANG_WARN_UNREACHABLE_CODE = YES;
				CLANG_WARN__DUPLICATE_METHOD_MATCH = YES;
				COPY_PHASE_STRIP = NO;
				DEBUG_INFORMATION_FORMAT = dwarf;
				ENABLE_STRICT_OBJC_MSGSEND = YES;
				ENABLE_TESTABILITY = YES;
				GCC_C_LANGUAGE_STANDARD = gnu11;
				GCC_DYNAMIC_NO_PIC = NO;
				GCC_NO_COMMON_BLOCKS = YES;
				GCC_OPTIMIZATION_LEVEL = 0;
				GCC_PREPROCESSOR_DEFINITIONS = (
					"DEBUG=1",
					"$(inherited)",
				);
				GCC_WARN_64_TO_32_BIT_CONVERSION = YES;
				GCC_WARN_ABOUT_RETURN_TYPE = YES_ERROR;
				GCC_WARN_UNDECLARED_SELECTOR = YES;
				GCC_WARN_UNINITIALIZED_AUTOS = YES_AGGRESSIVE;
				GCC_WARN_UNUSED_FUNCTION = YES;
				GCC_WARN_UNUSED_VARIABLE = YES;
				IPHONEOS_DEPLOYMENT_TARGET = 16.4;
				MTL_ENABLE_DEBUG_INFO = INCLUDE_SOURCE;
				MTL_FAST_MATH = YES;
				ONLY_ACTIVE_ARCH = YES;
				SDKROOT = iphoneos;
				SWIFT_ACTIVE_COMPILATION_CONDITIONS = DEBUG;
				SWIFT_OPTIMIZATION_LEVEL = "-Onone";
			};
			name = Debug;
		};
		181D9BD229DCBE6900146102 /* Release */ = {
			isa = XCBuildConfiguration;
			buildSettings = {
				ALWAYS_SEARCH_USER_PATHS = NO;
				CLANG_ANALYZER_NONNULL = YES;
				CLANG_ANALYZER_NUMBER_OBJECT_CONVERSION = YES_AGGRESSIVE;
				CLANG_CXX_LANGUAGE_STANDARD = "gnu++20";
				CLANG_ENABLE_MODULES = YES;
				CLANG_ENABLE_OBJC_ARC = YES;
				CLANG_ENABLE_OBJC_WEAK = YES;
				CLANG_WARN_BLOCK_CAPTURE_AUTORELEASING = YES;
				CLANG_WARN_BOOL_CONVERSION = YES;
				CLANG_WARN_COMMA = YES;
				CLANG_WARN_CONSTANT_CONVERSION = YES;
				CLANG_WARN_DEPRECATED_OBJC_IMPLEMENTATIONS = YES;
				CLANG_WARN_DIRECT_OBJC_ISA_USAGE = YES_ERROR;
				CLANG_WARN_DOCUMENTATION_COMMENTS = YES;
				CLANG_WARN_EMPTY_BODY = YES;
				CLANG_WARN_ENUM_CONVERSION = YES;
				CLANG_WARN_INFINITE_RECURSION = YES;
				CLANG_WARN_INT_CONVERSION = YES;
				CLANG_WARN_NON_LITERAL_NULL_CONVERSION = YES;
				CLANG_WARN_OBJC_IMPLICIT_RETAIN_SELF = YES;
				CLANG_WARN_OBJC_LITERAL_CONVERSION = YES;
				CLANG_WARN_OBJC_ROOT_CLASS = YES_ERROR;
				CLANG_WARN_QUOTED_INCLUDE_IN_FRAMEWORK_HEADER = YES;
				CLANG_WARN_RANGE_LOOP_ANALYSIS = YES;
				CLANG_WARN_STRICT_PROTOTYPES = YES;
				CLANG_WARN_SUSPICIOUS_MOVE = YES;
				CLANG_WARN_UNGUARDED_AVAILABILITY = YES_AGGRESSIVE;
				CLANG_WARN_UNREACHABLE_CODE = YES;
				CLANG_WARN__DUPLICATE_METHOD_MATCH = YES;
				COPY_PHASE_STRIP = NO;
				DEBUG_INFORMATION_FORMAT = "dwarf-with-dsym";
				ENABLE_NS_ASSERTIONS = NO;
				ENABLE_STRICT_OBJC_MSGSEND = YES;
				GCC_C_LANGUAGE_STANDARD = gnu11;
				GCC_NO_COMMON_BLOCKS = YES;
				GCC_WARN_64_TO_32_BIT_CONVERSION = YES;
				GCC_WARN_ABOUT_RETURN_TYPE = YES_ERROR;
				GCC_WARN_UNDECLARED_SELECTOR = YES;
				GCC_WARN_UNINITIALIZED_AUTOS = YES_AGGRESSIVE;
				GCC_WARN_UNUSED_FUNCTION = YES;
				GCC_WARN_UNUSED_VARIABLE = YES;
				IPHONEOS_DEPLOYMENT_TARGET = 16.4;
				MTL_ENABLE_DEBUG_INFO = NO;
				MTL_FAST_MATH = YES;
				SDKROOT = iphoneos;
				SWIFT_COMPILATION_MODE = wholemodule;
				SWIFT_OPTIMIZATION_LEVEL = "-O";
				VALIDATE_PRODUCT = YES;
			};
			name = Release;
		};
		181D9BD429DCBE6900146102 /* Debug */ = {
			isa = XCBuildConfiguration;
			baseConfigurationReference = 9B213179247CA3393E39DF8F /* Pods-example-app-ios.debug.xcconfig */;
			buildSettings = {
				ASSETCATALOG_COMPILER_APPICON_NAME = AppIcon;
				ASSETCATALOG_COMPILER_GLOBAL_ACCENT_COLOR_NAME = AccentColor;
				CODE_SIGN_STYLE = Automatic;
				CURRENT_PROJECT_VERSION = 1;
				DEVELOPMENT_ASSET_PATHS = "\"example-app-ios/Preview Content\"";
				DEVELOPMENT_TEAM = EF4N5K3F2Q;
				ENABLE_PREVIEWS = YES;
				GENERATE_INFOPLIST_FILE = YES;
				INFOPLIST_KEY_UIApplicationSceneManifest_Generation = YES;
				INFOPLIST_KEY_UIApplicationSupportsIndirectInputEvents = YES;
				INFOPLIST_KEY_UILaunchScreen_Generation = YES;
				INFOPLIST_KEY_UISupportedInterfaceOrientations_iPad = "UIInterfaceOrientationPortrait UIInterfaceOrientationPortraitUpsideDown UIInterfaceOrientationLandscapeLeft UIInterfaceOrientationLandscapeRight";
				INFOPLIST_KEY_UISupportedInterfaceOrientations_iPhone = "UIInterfaceOrientationPortrait UIInterfaceOrientationLandscapeLeft UIInterfaceOrientationLandscapeRight";
				LD_RUNPATH_SEARCH_PATHS = (
					"$(inherited)",
					"@executable_path/Frameworks",
				);
				MARKETING_VERSION = 1.0;
				PRODUCT_BUNDLE_IDENTIFIER = "com.lightningkite.example-app-ios";
				PRODUCT_NAME = "$(TARGET_NAME)";
				SWIFT_EMIT_LOC_STRINGS = YES;
				SWIFT_VERSION = 5.0;
				TARGETED_DEVICE_FAMILY = "1,2";
			};
			name = Debug;
		};
		181D9BD529DCBE6900146102 /* Release */ = {
			isa = XCBuildConfiguration;
			baseConfigurationReference = A05E923A35717D303718228C /* Pods-example-app-ios.release.xcconfig */;
			buildSettings = {
				ASSETCATALOG_COMPILER_APPICON_NAME = AppIcon;
				ASSETCATALOG_COMPILER_GLOBAL_ACCENT_COLOR_NAME = AccentColor;
				CODE_SIGN_STYLE = Automatic;
				CURRENT_PROJECT_VERSION = 1;
				DEVELOPMENT_ASSET_PATHS = "\"example-app-ios/Preview Content\"";
				DEVELOPMENT_TEAM = EF4N5K3F2Q;
				ENABLE_PREVIEWS = YES;
				GENERATE_INFOPLIST_FILE = YES;
				INFOPLIST_KEY_UIApplicationSceneManifest_Generation = YES;
				INFOPLIST_KEY_UIApplicationSupportsIndirectInputEvents = YES;
				INFOPLIST_KEY_UILaunchScreen_Generation = YES;
				INFOPLIST_KEY_UISupportedInterfaceOrientations_iPad = "UIInterfaceOrientationPortrait UIInterfaceOrientationPortraitUpsideDown UIInterfaceOrientationLandscapeLeft UIInterfaceOrientationLandscapeRight";
				INFOPLIST_KEY_UISupportedInterfaceOrientations_iPhone = "UIInterfaceOrientationPortrait UIInterfaceOrientationLandscapeLeft UIInterfaceOrientationLandscapeRight";
				LD_RUNPATH_SEARCH_PATHS = (
					"$(inherited)",
					"@executable_path/Frameworks",
				);
				MARKETING_VERSION = 1.0;
				PRODUCT_BUNDLE_IDENTIFIER = "com.lightningkite.example-app-ios";
				PRODUCT_NAME = "$(TARGET_NAME)";
				SWIFT_EMIT_LOC_STRINGS = YES;
				SWIFT_VERSION = 5.0;
				TARGETED_DEVICE_FAMILY = "1,2";
			};
			name = Release;
		};
		181D9BD729DCBE6900146102 /* Debug */ = {
			isa = XCBuildConfiguration;
			baseConfigurationReference = 726EDDA854CF4DEE9B42183F /* Pods-example-app-iosTests.debug.xcconfig */;
			buildSettings = {
				ALWAYS_EMBED_SWIFT_STANDARD_LIBRARIES = YES;
				BUNDLE_LOADER = "$(TEST_HOST)";
				CODE_SIGN_STYLE = Automatic;
				CURRENT_PROJECT_VERSION = 1;
				DEVELOPMENT_TEAM = EF4N5K3F2Q;
				GENERATE_INFOPLIST_FILE = YES;
				IPHONEOS_DEPLOYMENT_TARGET = 16.4;
				MARKETING_VERSION = 1.0;
				PRODUCT_BUNDLE_IDENTIFIER = "com.lightningkite.example-app-iosTests";
				PRODUCT_NAME = "$(TARGET_NAME)";
				SWIFT_EMIT_LOC_STRINGS = NO;
				SWIFT_VERSION = 5.0;
				TARGETED_DEVICE_FAMILY = "1,2";
				TEST_HOST = "$(BUILT_PRODUCTS_DIR)/example-app-ios.app/$(BUNDLE_EXECUTABLE_FOLDER_PATH)/example-app-ios";
			};
			name = Debug;
		};
		181D9BD829DCBE6900146102 /* Release */ = {
			isa = XCBuildConfiguration;
			baseConfigurationReference = 22E7308DA1ED6695378C4F71 /* Pods-example-app-iosTests.release.xcconfig */;
			buildSettings = {
				ALWAYS_EMBED_SWIFT_STANDARD_LIBRARIES = YES;
				BUNDLE_LOADER = "$(TEST_HOST)";
				CODE_SIGN_STYLE = Automatic;
				CURRENT_PROJECT_VERSION = 1;
				DEVELOPMENT_TEAM = EF4N5K3F2Q;
				GENERATE_INFOPLIST_FILE = YES;
				IPHONEOS_DEPLOYMENT_TARGET = 16.4;
				MARKETING_VERSION = 1.0;
				PRODUCT_BUNDLE_IDENTIFIER = "com.lightningkite.example-app-iosTests";
				PRODUCT_NAME = "$(TARGET_NAME)";
				SWIFT_EMIT_LOC_STRINGS = NO;
				SWIFT_VERSION = 5.0;
				TARGETED_DEVICE_FAMILY = "1,2";
				TEST_HOST = "$(BUILT_PRODUCTS_DIR)/example-app-ios.app/$(BUNDLE_EXECUTABLE_FOLDER_PATH)/example-app-ios";
			};
			name = Release;
		};
		181D9BDA29DCBE6900146102 /* Debug */ = {
			isa = XCBuildConfiguration;
			baseConfigurationReference = 6539909A315D63EB884300A5 /* Pods-example-app-ios-example-app-iosUITests.debug.xcconfig */;
			buildSettings = {
				ALWAYS_EMBED_SWIFT_STANDARD_LIBRARIES = YES;
				CODE_SIGN_STYLE = Automatic;
				CURRENT_PROJECT_VERSION = 1;
				DEVELOPMENT_TEAM = EF4N5K3F2Q;
				GENERATE_INFOPLIST_FILE = YES;
				MARKETING_VERSION = 1.0;
				PRODUCT_BUNDLE_IDENTIFIER = "com.lightningkite.example-app-iosUITests";
				PRODUCT_NAME = "$(TARGET_NAME)";
				SWIFT_EMIT_LOC_STRINGS = NO;
				SWIFT_VERSION = 5.0;
				TARGETED_DEVICE_FAMILY = "1,2";
				TEST_TARGET_NAME = "example-app-ios";
			};
			name = Debug;
		};
		181D9BDB29DCBE6900146102 /* Release */ = {
			isa = XCBuildConfiguration;
			baseConfigurationReference = 88407CA086231B5CF849DE06 /* Pods-example-app-ios-example-app-iosUITests.release.xcconfig */;
			buildSettings = {
				ALWAYS_EMBED_SWIFT_STANDARD_LIBRARIES = YES;
				CODE_SIGN_STYLE = Automatic;
				CURRENT_PROJECT_VERSION = 1;
				DEVELOPMENT_TEAM = EF4N5K3F2Q;
				GENERATE_INFOPLIST_FILE = YES;
				MARKETING_VERSION = 1.0;
				PRODUCT_BUNDLE_IDENTIFIER = "com.lightningkite.example-app-iosUITests";
				PRODUCT_NAME = "$(TARGET_NAME)";
				SWIFT_EMIT_LOC_STRINGS = NO;
				SWIFT_VERSION = 5.0;
				TARGETED_DEVICE_FAMILY = "1,2";
				TEST_TARGET_NAME = "example-app-ios";
			};
			name = Release;
		};
/* End XCBuildConfiguration section */

/* Begin XCConfigurationList section */
		181D9BAA29DCBE6800146102 /* Build configuration list for PBXProject "example-app-ios" */ = {
			isa = XCConfigurationList;
			buildConfigurations = (
				181D9BD129DCBE6900146102 /* Debug */,
				181D9BD229DCBE6900146102 /* Release */,
			);
			defaultConfigurationIsVisible = 0;
			defaultConfigurationName = Release;
		};
		181D9BD329DCBE6900146102 /* Build configuration list for PBXNativeTarget "example-app-ios" */ = {
			isa = XCConfigurationList;
			buildConfigurations = (
				181D9BD429DCBE6900146102 /* Debug */,
				181D9BD529DCBE6900146102 /* Release */,
			);
			defaultConfigurationIsVisible = 0;
			defaultConfigurationName = Release;
		};
		181D9BD629DCBE6900146102 /* Build configuration list for PBXNativeTarget "example-app-iosTests" */ = {
			isa = XCConfigurationList;
			buildConfigurations = (
				181D9BD729DCBE6900146102 /* Debug */,
				181D9BD829DCBE6900146102 /* Release */,
			);
			defaultConfigurationIsVisible = 0;
			defaultConfigurationName = Release;
		};
		181D9BD929DCBE6900146102 /* Build configuration list for PBXNativeTarget "example-app-iosUITests" */ = {
			isa = XCConfigurationList;
			buildConfigurations = (
				181D9BDA29DCBE6900146102 /* Debug */,
				181D9BDB29DCBE6900146102 /* Release */,
			);
			defaultConfigurationIsVisible = 0;
			defaultConfigurationName = Release;
		};
/* End XCConfigurationList section */
	};
	rootObject = 181D9BA729DCBE6800146102 /* Project object */;
}
