PODS:
  - Library (1.0)
  - shared (1.0)

DEPENDENCIES:
  - Library (from `../library/library.podspec`)
  - shared (from `../example-app/shared.podspec`)

EXTERNAL SOURCES:
  Library:
    :path: "../library/library.podspec"
  shared:
    :path: "../example-app/shared.podspec"

SPEC CHECKSUMS:
  Library: 931cd845a486db68d28a9924e35f26a28983bc74
  shared: 42c7bc09e2e47c3071069762cacb64ffd51e7e9a

PODFILE CHECKSUM: b64607a0c64ce46c44315c6ed2ff89e5d871ea7e

COCOAPODS: 1.12.0
